
Microsoft Visual Studio Solution File, Format Version 12.00
# Visual Studio Version 17
VisualStudioVersion = 17.7.34024.191
MinimumVisualStudioVersion = 10.0.40219.1
Project("{8BC9CEB8-8B4A-11D0-8D11-00A0C91BC942}") = "CudaRuntime3", "CudaRuntime3.vcxproj", "{42B8B015-5BBC-45A5-93A9-EE302C9C4FF6}"
EndProject
Global
	GlobalSection(SolutionConfigurationPlatforms) = preSolution
		Debug|x64 = Debug|x64
		Release|x64 = Release|x64
	EndGlobalSection
	GlobalSection(ProjectConfigurationPlatforms) = postSolution
		{42B8B015-5BBC-45A5-93A9-EE302C9C4FF6}.Debug|x64.ActiveCfg = Debug|x64
		{42B8B015-5BBC-45A5-93A9-EE302C9C4FF6}.Debug|x64.Build.0 = Debug|x64
		{42B8B015-5BBC-45A5-93A9-EE302C9C4FF6}.Release|x64.ActiveCfg = Release|x64
		{42B8B015-5BBC-45A5-93A9-EE302C9C4FF6}.Release|x64.Build.0 = Release|x64
	EndGlobalSection
	GlobalSection(SolutionProperties) = preSolution
		HideSolutionNode = FALSE
	EndGlobalSection
	GlobalSection(ExtensibilityGlobals) = postSolution
		SolutionGuid = {F47C572E-69CE-49DD-8EFC-37791AC3C83C}
	EndGlobalSection
EndGlobal
